
Microsoft Visual Studio Solution File, Format Version 12.00
# Visual Studio Version 16
VisualStudioVersion = 16.0.30104.148
MinimumVisualStudioVersion = 10.0.40219.1
Project("{FAE04EC0-301F-11D3-BF4B-00C04F79EFBC}") = "swagdocx", "swagdocx\swagdocx.csproj", "{FC97738D-966A-45E3-8CDE-90ED4FDBE84E}"
EndProject
Project("{FAE04EC0-301F-11D3-BF4B-00C04F79EFBC}") = "SwgDocGen", "SwgDocGen\SwgDocGen.csproj", "{4B8BA4F4-DFFE-4CBB-80E9-87A6E80A7ED2}"
EndProject
Global
	GlobalSection(SolutionConfigurationPlatforms) = preSolution
		Debug|Any CPU = Debug|Any CPU
		Release|Any CPU = Release|Any CPU
	EndGlobalSection
	GlobalSection(ProjectConfigurationPlatforms) = postSolution
		{FC97738D-966A-45E3-8CDE-90ED4FDBE84E}.Debug|Any CPU.ActiveCfg = Debug|Any CPU
		{FC97738D-966A-45E3-8CDE-90ED4FDBE84E}.Debug|Any CPU.Build.0 = Debug|Any CPU
		{FC97738D-966A-45E3-8CDE-90ED4FDBE84E}.Release|Any CPU.ActiveCfg = Release|Any CPU
		{FC97738D-966A-45E3-8CDE-90ED4FDBE84E}.Release|Any CPU.Build.0 = Release|Any CPU
		{4B8BA4F4-DFFE-4CBB-80E9-87A6E80A7ED2}.Debug|Any CPU.ActiveCfg = Debug|Any CPU
		{4B8BA4F4-DFFE-4CBB-80E9-87A6E80A7ED2}.Debug|Any CPU.Build.0 = Debug|Any CPU
		{4B8BA4F4-DFFE-4CBB-80E9-87A6E80A7ED2}.Release|Any CPU.ActiveCfg = Release|Any CPU
		{4B8BA4F4-DFFE-4CBB-80E9-87A6E80A7ED2}.Release|Any CPU.Build.0 = Release|Any CPU
	EndGlobalSection
	GlobalSection(SolutionProperties) = preSolution
		HideSolutionNode = FALSE
	EndGlobalSection
	GlobalSection(ExtensibilityGlobals) = postSolution
		SolutionGuid = {7FA4BBA1-C641-4E4F-B808-62A807F7BEA9}
	EndGlobalSection
EndGlobal
